{
  "version": 1,
  "dependencies": {
    "net8.0": {
      "NLog": {
        "type": "Direct",
        "requested": "[5.5.1, )",
        "resolved": "5.5.1",
        "contentHash": "ZpLbXSi91tZJPjzNefE+3NugAkQtpWZpSLfZWJGcP1y8qMiXDKxW/nAQ+LYWo7GwH2iYsbKOdsLCK9S3BeRQxA=="
      },
      "CommandLineParser": {
        "type": "Transitive",
        "resolved": "2.9.1",
        "contentHash": "OE0sl1/sQ37bjVsPKKtwQlWDgqaxWgtme3xZz7JssWUzg5JpMIyHgCTY9MVMxOg48fJ1AgGT3tgdH5m/kQ5xhA=="
      },
      "DnsClient": {
        "type": "Transitive",
        "resolved": "1.6.1",
        "contentHash": "4H/f2uYJOZ+YObZjpY9ABrKZI+JNw3uizp6oMzTXwDw6F+2qIPhpRl/1t68O/6e98+vqNiYGu+lswmwdYUy3gg==",
        "dependencies": {
          "Microsoft.Win32.Registry": "5.0.0"
        }
      },
      "Fantasy-Net": {
        "type": "Transitive",
        "resolved": "2026.0.1023",
        "contentHash": "iY2StQhjxHgr6ck2KUawFXgOU1jbrH+kiE7ume41ixHWGCZKrGOxPvJyxN1YFF3zoefLemRHC30ZS9KR0cl8VQ==",
        "dependencies": {
          "CommandLineParser": "2.9.1",
          "MemoryPack.Core": "1.21.4",
          "MongoDB.Bson": "3.9.0",
          "MongoDB.Driver": "3.9.0",
          "Newtonsoft.Json": "13.0.4",
          "SharpCompress": "0.49.1",
          "Snappier": "1.3.1",
          "System.IO.Pipelines": "9.0.10"
        }
      },
      "MemoryPack.Core": {
        "type": "Transitive",
        "resolved": "1.21.4",
        "contentHash": "6RszGorZ0ejNmp37ZcboPBMvvPCuNW2jlrdQfcs/lMzE5b3pmPF6hsm/laDc34hRlbAST1ZxaX/DvYu2DF5sBQ=="
      },
      "Microsoft.Extensions.Logging.Abstractions": {
        "type": "Transitive",
        "resolved": "2.0.0",
        "contentHash": "6ZCllUYGFukkymSTx3Yr0G/ajRxoNJp7/FqSxSB4fGISST54ifBhgu4Nc0ItGi3i6DqwuNd8SUyObmiC++AO2Q=="
      },
      "Microsoft.NETCore.Platforms": {
        "type": "Transitive",
        "resolved": "5.0.0",
        "contentHash": "VyPlqzH2wavqquTcYpkIIAQ6WdenuKoFN0BdYBbCWsclXacSOHNQn66Gt4z5NBqEYW0FAPm5rlvki9ZiCij5xQ=="
      },
      "Microsoft.Win32.Registry": {
        "type": "Transitive",
        "resolved": "5.0.0",
        "contentHash": "dDoKi0PnDz31yAyETfRntsLArTlVAVzUzCIvvEDsDsucrl33Dl8pIJG06ePTJTI3tGpeyHS9Cq7Foc/s4EeKcg==",
        "dependencies": {
          "System.Security.AccessControl": "5.0.0",
          "System.Security.Principal.Windows": "5.0.0"
        }
      },
      "MongoDB.Bson": {
        "type": "Transitive",
        "resolved": "3.9.0",
        "contentHash": "J6vB61zKwMSfxbkN+/amGvj1qVMDKrKjV3kmoOWttMcv8JJScLDCFh89FyL3f2lDUyJrnfgZCR6/KX+07e99eg==",
        "dependencies": {
          "System.Memory": "4.5.5",
          "System.Runtime.CompilerServices.Unsafe": "5.0.0"
        }
      },
      "MongoDB.Driver": {
        "type": "Transitive",
        "resolved": "3.9.0",
        "contentHash": "XKUa+y5RtNH1iInfxj3Y7c1FN1BQ16/7hFxoqU6fzc3+BKM1D3mGa+pB/yBbAk8jNxf7+JWEnCfuQOyCo7dQLg==",
        "dependencies": {
          "DnsClient": "1.6.1",
          "Microsoft.Extensions.Logging.Abstractions": "2.0.0",
          "MongoDB.Bson": "3.9.0",
          "SharpCompress": "0.48.1",
          "Snappier": "1.3.1",
          "System.Buffers": "4.6.1",
          "ZstdSharp.Port": "0.7.3"
        }
      },
      "Newtonsoft.Json": {
        "type": "Transitive",
        "resolved": "13.0.4",
        "contentHash": "pdgNNMai3zv51W5aq268sujXUyx7SNdE2bj1wZcWjAQrKMFZV260lbqYop1d2GM67JI1huLRwxo9ZqnfF/lC6A=="
      },
      "SharpCompress": {
        "type": "Transitive",
        "resolved": "0.49.1",
        "contentHash": "Meygd8HAnUgqYzxvCsaYR5XnZAG2xBmxkQHVGi/HkCjrvEq+tiM+VPQRvYLxsbse3KUmec65ccdMiOXv8CkjsA=="
      },
      "Snappier": {
        "type": "Transitive",
        "resolved": "1.3.1",
        "contentHash": "DOdDQiO8YZ5rBtVLY+6CmR1yp9WYoJRgEEktPBrR0tEj9QO2djA/zv0O3DX0OZpEAfosbY8pytQ9tQUogwQsEA=="
      },
      "System.Buffers": {
        "type": "Transitive",
        "resolved": "4.6.1",
        "contentHash": "N8GXpmiLMtljq7gwvyS+1QvKT/W2J8sNAvx+HVg4NGmsG/H+2k/y9QI23auLJRterrzCiDH+IWAw4V/GPwsMlw=="
      },
      "System.IO.Pipelines": {
        "type": "Transitive",
        "resolved": "9.0.10",
        "contentHash": "lwI0mhHcCxMtNSxB5ate9Gc9petWovRBUprtjz2yiIDDZPGBIaUiqNzQHJzjPuzTnvNbEMilpAXjDguKsU/2Fg=="
      },
      "System.Memory": {
        "type": "Transitive",
        "resolved": "4.5.5",
        "contentHash": "XIWiDvKPXaTveaB7HVganDlOCRoj03l+jrwNvcge/t8vhGYKvqV+dMv6G4SAX2NoNmN0wZfVPTAlFwZcZvVOUw=="
      },
      "System.Runtime.CompilerServices.Unsafe": {
        "type": "Transitive",
        "resolved": "5.0.0",
        "contentHash": "ZD9TMpsmYJLrxbbmdvhwt9YEgG5WntEnZ/d1eH8JBX9LBp+Ju8BSBhUGbZMNVHHomWo2KVImJhTDl2hIgw/6MA=="
      },
      "System.Security.AccessControl": {
        "type": "Transitive",
        "resolved": "5.0.0",
        "contentHash": "dagJ1mHZO3Ani8GH0PHpPEe/oYO+rVdbQjvjJkBRNQkX4t0r1iaeGn8+/ybkSLEan3/slM0t59SVdHzuHf2jmw==",
        "dependencies": {
          "Microsoft.NETCore.Platforms": "5.0.0",
          "System.Security.Principal.Windows": "5.0.0"
        }
      },
      "System.Security.Principal.Windows": {
        "type": "Transitive",
        "resolved": "5.0.0",
        "contentHash": "t0MGLukB5WAVU9bO3MGzvlGnyJPgUlcwerXn1kzBRjwLKixT96XV0Uza41W49gVd8zEMFu9vQEFlv0IOrytICA=="
      },
      "ZstdSharp.Port": {
        "type": "Transitive",
        "resolved": "0.7.3",
        "contentHash": "U9Ix4l4cl58Kzz1rJzj5hoVTjmbx1qGMwzAcbv1j/d3NzrFaESIurQyg+ow4mivCgkE3S413y+U9k4WdnEIkRA=="
      },
      "entity": {
        "type": "Project",
        "dependencies": {
          "Fantasy-Net": "[2026.0.1023, )"
        }
      },
      "hotfix": {
        "type": "Project",
        "dependencies": {
          "Entity": "[1.0.0, )",
          "NLog": "[5.5.1, )"
        }
      }
    }
  }
}